# THIS IS AN AUTOGENERATED FILE. DO NOT EDIT THIS FILE DIRECTLY.
# yarn lockfile v1


"@types/firefox-webext-browser@^94.0.1":
  version "94.0.1"
  resolved "https://registry.yarnpkg.com/@types/firefox-webext-browser/-/firefox-webext-browser-94.0.1.tgz#52afb975253dc0fd350d5d58c7fe9fd1a01f64a1"
  integrity sha512-I6iHRQJSTZ+gYt2IxdH2RRAMvcUyK8v5Ig7fHQR0IwUNYP7hz9+cziBVIKxLCO6XI7fiyRsNOWObfl3/4Js2Lg==

"@types/webextension-polyfill@^0.8.3":
  version "0.8.3"
  resolved "https://registry.yarnpkg.com/@types/webextension-polyfill/-/webextension-polyfill-0.8.3.tgz#eb601b3fcf524f0ecf7d7579ccbd237928d0dda7"
  integrity sha512-GN+Hjzy9mXjWoXKmaicTegv3FJ0WFZ3aYz77Wk8TMp1IY3vEzvzj1vnsa0ggV7vMI1i+PUxe4qqnIJKCzf9aTg==

webextension-polyfill@^0.9.0:
  version "0.9.0"
  resolved "https://registry.yarnpkg.com/webextension-polyfill/-/webextension-polyfill-0.9.0.tgz#de6c1941d0ef1b0858b20e9c7b46bbc042c5a960"
  integrity sha512-LTtHb0yR49xa9irkstDxba4GATDAcDw3ncnFH9RImoFwDlW47U95ME5sn5IiQX2ghfaECaf6xyXM8yvClIBkkw==
