# This file is generated by running "yarn install" inside your project.
# Manual changes might be lost - proceed with caution!

__metadata:
  version: 5
  cacheKey: 8

"@types/firefox-webext-browser@npm:^94.0.1":
  version: 94.0.1
  resolution: "@types/firefox-webext-browser@npm:94.0.1"
  checksum: 43f7e34857f5750c6dc6833f3c4735e75782dcc71800dd29eadc8211a58de0e36611cec79ca7a238da855d5ed7badea46992baec4420b067c4dfa4b052e91465
  languageName: node
  linkType: hard

"ytsave@workspace:.":
  version: 0.0.0-use.local
  resolution: "ytsave@workspace:."
  dependencies:
    "@types/firefox-webext-browser": ^94.0.1
  languageName: unknown
  linkType: soft
